
Microsoft Visual Studio Solution File, Format Version 12.00
# Visual Studio Version 17
VisualStudioVersion = 17.2.32630.192
MinimumVisualStudioVersion = 10.0.40219.1
Project("{FAE04EC0-301F-11D3-BF4B-00C04F79EFBC}") = "SnakeandLadder", "SnakeandLadder.csproj", "{83D9C0BA-DF42-4107-87E1-AA52DBD17F3B}"
EndProject
Global
	GlobalSection(SolutionConfigurationPlatforms) = preSolution
		Debug|Any CPU = Debug|Any CPU
		Release|Any CPU = Release|Any CPU
	EndGlobalSection
	GlobalSection(ProjectConfigurationPlatforms) = postSolution
		{83D9C0BA-DF42-4107-87E1-AA52DBD17F3B}.Debug|Any CPU.ActiveCfg = Debug|Any CPU
		{83D9C0BA-DF42-4107-87E1-AA52DBD17F3B}.Debug|Any CPU.Build.0 = Debug|Any CPU
		{83D9C0BA-DF42-4107-87E1-AA52DBD17F3B}.Release|Any CPU.ActiveCfg = Release|Any CPU
		{83D9C0BA-DF42-4107-87E1-AA52DBD17F3B}.Release|Any CPU.Build.0 = Release|Any CPU
	EndGlobalSection
	GlobalSection(SolutionProperties) = preSolution
		HideSolutionNode = FALSE
	EndGlobalSection
	GlobalSection(ExtensibilityGlobals) = postSolution
		SolutionGuid = {14220A44-E6A7-46B3-9E55-1176DBAF8F7C}
	EndGlobalSection
EndGlobal
